PODS:
  - Alamofire (5.0.0-beta.2)
  - FMDB (2.7.5):
    - FMDB/standard (= 2.7.5)
  - FMDB/standard (2.7.5)
  - ReachabilitySwift (4.3.0)
  - RxAtomic (4.4.1)
  - RxBlocking (4.4.1):
    - RxAtomic (~> 4.4)
    - RxSwift (~> 4.0)
  - RxCocoa (4.4.1):
    - RxSwift (~> 4.0)
  - RxSwift (4.4.1):
    - RxAtomic (~> 4.4)
  - RxTest (4.4.1):
    - RxAtomic (~> 4.4)
    - RxSwift (~> 4.0)
  - SVProgressHUD (2.2.5)

DEPENDENCIES:
  - Alamofire (~> 5.0.0-beta.2)
  - FMDB
  - ReachabilitySwift
  - RxBlocking (~> 4.0)
  - RxCocoa (~> 4.0)
  - RxSwift (~> 4.0)
  - RxTest (~> 4.0)
  - SVProgressHUD

SPEC REPOS:
  https://github.com/cocoapods/specs.git:
    - Alamofire
    - FMDB
    - ReachabilitySwift
    - RxAtomic
    - RxBlocking
    - RxCocoa
    - RxSwift
    - RxTest
    - SVProgressHUD

SPEC CHECKSUMS:
  Alamofire: d1e5493588babe3e7b56ae29e8032942f4de09fe
  FMDB: 2ce00b547f966261cd18927a3ddb07cb6f3db82a
  ReachabilitySwift: 408477d1b6ed9779dba301953171e017c31241f3
  RxAtomic: f8d6adc1ccb87a767811269e4875887bc74dbf19
  RxBlocking: 5508e90d36ca2304632dc9378ece4e9b5d4bf656
  RxCocoa: 2f35a76bf8887872e28a1914112395b11b8e0e64
  RxSwift: 92fcf68dfef21f3e2ab1965363d9e7b3d787597e
  RxTest: f8e548755ca3c7502dc41c7d3b28802c90115a38
  SVProgressHUD: 1428aafac632c1f86f62aa4243ec12008d7a51d6

PODFILE CHECKSUM: 7ed251722265936d25017781eb19720645d15815

COCOAPODS: 1.6.0
